
Microsoft Visual Studio Solution File, Format Version 12.00
# Visual Studio Version 16
VisualStudioVersion = 25.0.1706.5
MinimumVisualStudioVersion = 10.0.40219.1
Project("{FAE04EC0-301F-11D3-BF4B-00C04F79EFBC}") = "MemberDiagnosisApp", "MemberDiagnosisApp\MemberDiagnosisApp.csproj", "{15129924-2E63-48EC-BEA2-A874ABDE62D6}"
EndProject
Global
	GlobalSection(SolutionConfigurationPlatforms) = preSolution
		Debug|Any CPU = Debug|Any CPU
		Release|Any CPU = Release|Any CPU
	EndGlobalSection
	GlobalSection(ProjectConfigurationPlatforms) = postSolution
		{15129924-2E63-48EC-BEA2-A874ABDE62D6}.Debug|Any CPU.ActiveCfg = Debug|Any CPU
		{15129924-2E63-48EC-BEA2-A874ABDE62D6}.Debug|Any CPU.Build.0 = Debug|Any CPU
		{15129924-2E63-48EC-BEA2-A874ABDE62D6}.Release|Any CPU.ActiveCfg = Release|Any CPU
		{15129924-2E63-48EC-BEA2-A874ABDE62D6}.Release|Any CPU.Build.0 = Release|Any CPU
	EndGlobalSection
	GlobalSection(SolutionProperties) = preSolution
		HideSolutionNode = FALSE
	EndGlobalSection
	GlobalSection(ExtensibilityGlobals) = postSolution
		SolutionGuid = {3352F96B-A325-4334-83C0-1FF690CCD626}
	EndGlobalSection
EndGlobal
